
Microsoft Visual Studio Solution File, Format Version 12.00
# Visual Studio Version 17
VisualStudioVersion = 17.0.31903.59
MinimumVisualStudioVersion = 10.0.40219.1
Project("{2150E333-8FDC-42A3-9474-1A3956D46DE8}") = "src", "src", "{827E0CD3-B72D-47B6-A68D-7590B98EB39B}"
EndProject
Project("{FAE04EC0-301F-11D3-BF4B-00C04F79EFBC}") = "CalculatorApp", "src\CalculatorApp\CalculatorApp.csproj", "{4519340E-A0E2-4F25-AD02-163759A7F210}"
EndProject
Project("{2150E333-8FDC-42A3-9474-1A3956D46DE8}") = "tests", "tests", "{0AB3BF05-4346-4AA6-1389-037BE0695223}"
EndProject
Project("{FAE04EC0-301F-11D3-BF4B-00C04F79EFBC}") = "CalculatorApp.UnitTests", "tests\CalculatorApp.UnitTests\CalculatorApp.UnitTests.csproj", "{4D95F077-46A6-45AB-8254-952D44B159BB}"
EndProject
Project("{FAE04EC0-301F-11D3-BF4B-00C04F79EFBC}") = "CalculatorApp.IntegrationTests", "tests\CalculatorApp.IntegrationTests\CalculatorApp.IntegrationTests.csproj", "{818A2DEE-F41E-4369-B03F-62A1D0DA1061}"
EndProject
Global
	GlobalSection(SolutionConfigurationPlatforms) = preSolution
		Debug|Any CPU = Debug|Any CPU
		Debug|x64 = Debug|x64
		Debug|x86 = Debug|x86
		Release|Any CPU = Release|Any CPU
		Release|x64 = Release|x64
		Release|x86 = Release|x86
	EndGlobalSection
	GlobalSection(ProjectConfigurationPlatforms) = postSolution
		{4519340E-A0E2-4F25-AD02-163759A7F210}.Debug|Any CPU.ActiveCfg = Debug|Any CPU
		{4519340E-A0E2-4F25-AD02-163759A7F210}.Debug|Any CPU.Build.0 = Debug|Any CPU
		{4519340E-A0E2-4F25-AD02-163759A7F210}.Debug|x64.ActiveCfg = Debug|Any CPU
		{4519340E-A0E2-4F25-AD02-163759A7F210}.Debug|x64.Build.0 = Debug|Any CPU
		{4519340E-A0E2-4F25-AD02-163759A7F210}.Debug|x86.ActiveCfg = Debug|Any CPU
		{4519340E-A0E2-4F25-AD02-163759A7F210}.Debug|x86.Build.0 = Debug|Any CPU
		{4519340E-A0E2-4F25-AD02-163759A7F210}.Release|Any CPU.ActiveCfg = Release|Any CPU
		{4519340E-A0E2-4F25-AD02-163759A7F210}.Release|Any CPU.Build.0 = Release|Any CPU
		{4519340E-A0E2-4F25-AD02-163759A7F210}.Release|x64.ActiveCfg = Release|Any CPU
		{4519340E-A0E2-4F25-AD02-163759A7F210}.Release|x64.Build.0 = Release|Any CPU
		{4519340E-A0E2-4F25-AD02-163759A7F210}.Release|x86.ActiveCfg = Release|Any CPU
		{4519340E-A0E2-4F25-AD02-163759A7F210}.Release|x86.Build.0 = Release|Any CPU
		{4D95F077-46A6-45AB-8254-952D44B159BB}.Debug|Any CPU.ActiveCfg = Debug|Any CPU
		{4D95F077-46A6-45AB-8254-952D44B159BB}.Debug|Any CPU.Build.0 = Debug|Any CPU
		{4D95F077-46A6-45AB-8254-952D44B159BB}.Debug|x64.ActiveCfg = Debug|Any CPU
		{4D95F077-46A6-45AB-8254-952D44B159BB}.Debug|x64.Build.0 = Debug|Any CPU
		{4D95F077-46A6-45AB-8254-952D44B159BB}.Debug|x86.ActiveCfg = Debug|Any CPU
		{4D95F077-46A6-45AB-8254-952D44B159BB}.Debug|x86.Build.0 = Debug|Any CPU
		{4D95F077-46A6-45AB-8254-952D44B159BB}.Release|Any CPU.ActiveCfg = Release|Any CPU
		{4D95F077-46A6-45AB-8254-952D44B159BB}.Release|Any CPU.Build.0 = Release|Any CPU
		{4D95F077-46A6-45AB-8254-952D44B159BB}.Release|x64.ActiveCfg = Release|Any CPU
		{4D95F077-46A6-45AB-8254-952D44B159BB}.Release|x64.Build.0 = Release|Any CPU
		{4D95F077-46A6-45AB-8254-952D44B159BB}.Release|x86.ActiveCfg = Release|Any CPU
		{4D95F077-46A6-45AB-8254-952D44B159BB}.Release|x86.Build.0 = Release|Any CPU
		{818A2DEE-F41E-4369-B03F-62A1D0DA1061}.Debug|Any CPU.ActiveCfg = Debug|Any CPU
		{818A2DEE-F41E-4369-B03F-62A1D0DA1061}.Debug|Any CPU.Build.0 = Debug|Any CPU
		{818A2DEE-F41E-4369-B03F-62A1D0DA1061}.Debug|x64.ActiveCfg = Debug|Any CPU
		{818A2DEE-F41E-4369-B03F-62A1D0DA1061}.Debug|x64.Build.0 = Debug|Any CPU
		{818A2DEE-F41E-4369-B03F-62A1D0DA1061}.Debug|x86.ActiveCfg = Debug|Any CPU
		{818A2DEE-F41E-4369-B03F-62A1D0DA1061}.Debug|x86.Build.0 = Debug|Any CPU
		{818A2DEE-F41E-4369-B03F-62A1D0DA1061}.Release|Any CPU.ActiveCfg = Release|Any CPU
		{818A2DEE-F41E-4369-B03F-62A1D0DA1061}.Release|Any CPU.Build.0 = Release|Any CPU
		{818A2DEE-F41E-4369-B03F-62A1D0DA1061}.Release|x64.ActiveCfg = Release|Any CPU
		{818A2DEE-F41E-4369-B03F-62A1D0DA1061}.Release|x64.Build.0 = Release|Any CPU
		{818A2DEE-F41E-4369-B03F-62A1D0DA1061}.Release|x86.ActiveCfg = Release|Any CPU
		{818A2DEE-F41E-4369-B03F-62A1D0DA1061}.Release|x86.Build.0 = Release|Any CPU
	EndGlobalSection
	GlobalSection(SolutionProperties) = preSolution
		HideSolutionNode = FALSE
	EndGlobalSection
	GlobalSection(NestedProjects) = preSolution
		{4519340E-A0E2-4F25-AD02-163759A7F210} = {827E0CD3-B72D-47B6-A68D-7590B98EB39B}
		{4D95F077-46A6-45AB-8254-952D44B159BB} = {0AB3BF05-4346-4AA6-1389-037BE0695223}
		{818A2DEE-F41E-4369-B03F-62A1D0DA1061} = {0AB3BF05-4346-4AA6-1389-037BE0695223}
	EndGlobalSection
EndGlobal
